
Microsoft Visual Studio Solution File, Format Version 12.00
# Visual Studio Version 16
VisualStudioVersion = 16.0.31025.194
MinimumVisualStudioVersion = 10.0.40219.1
Project("{8BC9CEB8-8B4A-11D0-8D11-00A0C91BC942}") = "KH0PE-Lite", "KH0PE-Lite\KH0PE-Lite.vcxproj", "{2F8E38ED-6AC8-4F10-A213-448147771680}"
EndProject
Global
	GlobalSection(SolutionConfigurationPlatforms) = preSolution
		Debug|x64 = Debug|x64
		Debug|x86 = Debug|x86
		Release|x64 = Release|x64
		Release|x86 = Release|x86
	EndGlobalSection
	GlobalSection(ProjectConfigurationPlatforms) = postSolution
		{2F8E38ED-6AC8-4F10-A213-448147771680}.Debug|x64.ActiveCfg = Debug|x64
		{2F8E38ED-6AC8-4F10-A213-448147771680}.Debug|x64.Build.0 = Debug|x64
		{2F8E38ED-6AC8-4F10-A213-448147771680}.Debug|x86.ActiveCfg = Debug|Win32
		{2F8E38ED-6AC8-4F10-A213-448147771680}.Debug|x86.Build.0 = Debug|Win32
		{2F8E38ED-6AC8-4F10-A213-448147771680}.Release|x64.ActiveCfg = Release|x64
		{2F8E38ED-6AC8-4F10-A213-448147771680}.Release|x64.Build.0 = Release|x64
		{2F8E38ED-6AC8-4F10-A213-448147771680}.Release|x86.ActiveCfg = Release|Win32
		{2F8E38ED-6AC8-4F10-A213-448147771680}.Release|x86.Build.0 = Release|Win32
	EndGlobalSection
	GlobalSection(SolutionProperties) = preSolution
		HideSolutionNode = FALSE
	EndGlobalSection
	GlobalSection(ExtensibilityGlobals) = postSolution
		SolutionGuid = {EE38B33D-713E-4DAC-A76B-30AC47E9E9AF}
	EndGlobalSection
EndGlobal
